<?xml version="1.0" encoding="utf-8"?>
<Project ToolsVersion="4.0" xmlns="http://schemas.microsoft.com/developer/msbuild/2003">
  <ItemGroup>
    <Filter Include="Source Files">
      <UniqueIdentifier>{4FC737F1-C7A5-4376-A066-2A32D752A2FF}</UniqueIdentifier>
      <Extensions>cpp;c;cc;cxx;def;odl;idl;hpj;bat;asm;asmx</Extensions>
    </Filter>
    <Filter Include="Header Files">
      <UniqueIdentifier>{93995380-89BD-4b04-88EB-625FBE52EBFB}</UniqueIdentifier>
      <Extensions>h;hh;hpp;hxx;hm;inl;inc;xsd</Extensions>
    </Filter>
    <Filter Include="Resource Files">
      <UniqueIdentifier>{67DA6AB6-F800-4c08-8B7A-83BB121AAD01}</UniqueIdentifier>
      <Extensions>rc;ico;cur;bmp;dlg;rc2;rct;bin;rgs;gif;jpg;jpeg;jpe;resx;tiff;tif;png;wav;mfcribbon-ms</Extensions>
    </Filter>
    <Filter Include="Hashing">
      <UniqueIdentifier>{f38e03da-b6df-4008-8aa4-4d3a719298dd}</UniqueIdentifier>
    </Filter>
    <Filter Include="Dynamic Array">
      <UniqueIdentifier>{80eccae9-df2d-481a-acea-90ab27b5b0f0}</UniqueIdentifier>
    </Filter>
    <Filter Include="String">
      <UniqueIdentifier>{0c393ecb-636c-402e-b466-46106eed10b3}</UniqueIdentifier>
    </Filter>
    <Filter Include="Queue">
      <UniqueIdentifier>{70728f98-f67e-41bf-b146-b47ffc936534}</UniqueIdentifier>
    </Filter>
    <Filter Include="Hashing\Hash">
      <UniqueIdentifier>{f2a68877-1e41-4e4c-a557-224c925994f7}</UniqueIdentifier>
    </Filter>
    <Filter Include="Hashing\Hash Function">
      <UniqueIdentifier>{9220ccf3-1853-4def-8350-4cf926edfb30}</UniqueIdentifier>
    </Filter>
    <Filter Include="Linked List">
      <UniqueIdentifier>{859d3703-6a4c-4370-9bd6-f3ae322aa179}</UniqueIdentifier>
    </Filter>
    <Filter Include="Iterator">
      <UniqueIdentifier>{8a39ee88-5d74-41ec-aea5-a21a0277cff0}</UniqueIdentifier>
    </Filter>
    <Filter Include="Graph">
      <UniqueIdentifier>{2713c405-d70c-4eaf-bc5a-b896c2505a7c}</UniqueIdentifier>
    </Filter>
    <Filter Include="Graph\Edge">
      <UniqueIdentifier>{c0659991-9b71-46fa-90d2-47f145771c0c}</UniqueIdentifier>
    </Filter>
    <Filter Include="Graph\Distance">
      <UniqueIdentifier>{0c351ac3-f56d-447f-91f4-077beead836b}</UniqueIdentifier>
    </Filter>
    <Filter Include="Graph\Vertex">
      <UniqueIdentifier>{7bf2074e-861c-4488-adc3-7ac67a9ded77}</UniqueIdentifier>
    </Filter>
    <Filter Include="Graph\Abstraction">
      <UniqueIdentifier>{dee3a313-5a63-433f-9d47-ff80ea26882e}</UniqueIdentifier>
    </Filter>
    <Filter Include="Graph\Graph Base">
      <UniqueIdentifier>{b512bb41-d138-4d52-8abd-8ddd386f8827}</UniqueIdentifier>
    </Filter>
    <Filter Include="Graph\Identifier Accessor">
      <UniqueIdentifier>{22075870-293d-4918-9d93-c583698928bf}</UniqueIdentifier>
    </Filter>
    <Filter Include="Graph\Directed Graph">
      <UniqueIdentifier>{8872f1e2-a4d7-4bd2-8a3d-6b4ff9b80eea}</UniqueIdentifier>
    </Filter>
    <Filter Include="Graph\Undirected Graph">
      <UniqueIdentifier>{4808a882-2d3d-4a62-b9ca-655e6f62c525}</UniqueIdentifier>
    </Filter>
    <Filter Include="Shortest Path Algorithms">
      <UniqueIdentifier>{eb1361a8-3847-4417-947f-c42a826d562b}</UniqueIdentifier>
    </Filter>
    <Filter Include="Shortest Path Algorithms\Abstract class">
      <UniqueIdentifier>{4eb8960e-4e4e-4f7a-b28e-bc366a8cb965}</UniqueIdentifier>
    </Filter>
    <Filter Include="Shortest Path Algorithms\BFS">
      <UniqueIdentifier>{04f2d1ac-e4e2-431c-8bf2-8c9bdb242edf}</UniqueIdentifier>
    </Filter>
    <Filter Include="Shortest Path Algorithms\Iterative Deepening DFS">
      <UniqueIdentifier>{0989909a-0ea5-4cfe-a894-f411fa880c64}</UniqueIdentifier>
    </Filter>
    <Filter Include="Shortest Path Algorithms\Shortest Path Algorithms Store">
      <UniqueIdentifier>{64578d2a-b4d0-4f1f-8e7e-314661566a2d}</UniqueIdentifier>
    </Filter>
    <Filter Include="Graph Factory">
      <UniqueIdentifier>{7f4b21a7-6dc9-46f8-917b-15682f11662f}</UniqueIdentifier>
    </Filter>
    <Filter Include="Graph Factory\GraphFactory">
      <UniqueIdentifier>{1a890c2c-7fd6-4288-9cb6-2b1c5682b0a8}</UniqueIdentifier>
    </Filter>
    <Filter Include="Graph Factory\GraphCreator">
      <UniqueIdentifier>{ae2873a5-dc6a-435c-91ef-7aa3c5cf145a}</UniqueIdentifier>
    </Filter>
    <Filter Include="Graph Factory\Concrete Graph Creator">
      <UniqueIdentifier>{e0648eb7-a291-4f09-8758-b095802f93b6}</UniqueIdentifier>
    </Filter>
    <Filter Include="Graph Factory\GraphRegistrator">
      <UniqueIdentifier>{32db5538-6b3a-41b9-b782-5d3be9cd9ea1}</UniqueIdentifier>
    </Filter>
    <Filter Include="Application">
      <UniqueIdentifier>{2a308b1f-0e3d-42c5-949a-39263bff17b5}</UniqueIdentifier>
    </Filter>
    <Filter Include="Graph\Graph Exceptions">
      <UniqueIdentifier>{ec3a4bb4-5c00-428f-a007-f6a8fbdd15c4}</UniqueIdentifier>
    </Filter>
    <Filter Include="Graph\Graph Exceptions\Invalid Graph Type Exception">
      <UniqueIdentifier>{4f368f69-176e-478a-934b-6996cc7f8c4a}</UniqueIdentifier>
    </Filter>
    <Filter Include="Graph\Graph Exceptions\Graph Exception">
      <UniqueIdentifier>{c7a0463b-b61b-4582-b1d3-4c2238004bf0}</UniqueIdentifier>
    </Filter>
    <Filter Include="Priority Queue">
      <UniqueIdentifier>{16f98096-8d6c-4f77-b27a-5c0ba608f732}</UniqueIdentifier>
    </Filter>
  </ItemGroup>
  <ItemGroup>
    <Text Include="ReadMe.txt" />
    <Text Include="Hash.txt">
      <Filter>Hashing\Hash</Filter>
    </Text>
  </ItemGroup>
  <ItemGroup>
    <ClInclude Include="stdafx.h">
      <Filter>Header Files</Filter>
    </ClInclude>
    <ClInclude Include="targetver.h">
      <Filter>Header Files</Filter>
    </ClInclude>
    <ClInclude Include="String.h">
      <Filter>String</Filter>
    </ClInclude>
    <ClInclude Include="Hash.h">
      <Filter>Hashing\Hash</Filter>
    </ClInclude>
    <ClInclude Include="Hash.hpp">
      <Filter>Hashing\Hash</Filter>
    </ClInclude>
    <ClInclude Include="HashFunction.h">
      <Filter>Hashing\Hash Function</Filter>
    </ClInclude>
    <ClInclude Include="HashFunctionStringSpecialization.h">
      <Filter>Hashing\Hash Function</Filter>
    </ClInclude>
    <ClInclude Include="DynamicArray.h">
      <Filter>Dynamic Array</Filter>
    </ClInclude>
    <ClInclude Include="DynamicArray.hpp">
      <Filter>Dynamic Array</Filter>
    </ClInclude>
    <ClInclude Include="LinkedList.h">
      <Filter>Linked List</Filter>
    </ClInclude>
    <ClInclude Include="LinkedList.hpp">
      <Filter>Linked List</Filter>
    </ClInclude>
    <ClInclude Include="Box.h">
      <Filter>Linked List</Filter>
    </ClInclude>
    <ClInclude Include="LinkedListIterator.h">
      <Filter>Linked List</Filter>
    </ClInclude>
    <ClInclude Include="LinkedListIterator.hpp">
      <Filter>Linked List</Filter>
    </ClInclude>
    <ClInclude Include="Iterator.h">
      <Filter>Iterator</Filter>
    </ClInclude>
    <ClInclude Include="DynamicArrayIterator.hpp">
      <Filter>Dynamic Array</Filter>
    </ClInclude>
    <ClInclude Include="Queue.h">
      <Filter>Queue</Filter>
    </ClInclude>
    <ClInclude Include="Queue.hpp">
      <Filter>Queue</Filter>
    </ClInclude>
    <ClInclude Include="Distance.h">
      <Filter>Graph\Distance</Filter>
    </ClInclude>
    <ClInclude Include="Vertex.h">
      <Filter>Graph\Vertex</Filter>
    </ClInclude>
    <ClInclude Include="Edge.h">
      <Filter>Graph\Edge</Filter>
    </ClInclude>
    <ClInclude Include="Graph.h">
      <Filter>Graph\Abstraction</Filter>
    </ClInclude>
    <ClInclude Include="PriorityQueue.h">
      <Filter>Priority Queue</Filter>
    </ClInclude>
    <ClInclude Include="PriorityQueue.hpp">
      <Filter>Priority Queue</Filter>
    </ClInclude>
    <ClInclude Include="Handle.hpp">
      <Filter>Priority Queue</Filter>
    </ClInclude>
  </ItemGroup>
  <ItemGroup>
    <ClCompile Include="stdafx.cpp">
      <Filter>Source Files</Filter>
    </ClCompile>
    <ClCompile Include="Graph Store.cpp">
      <Filter>Source Files</Filter>
    </ClCompile>
    <ClCompile Include="String.cpp">
      <Filter>String</Filter>
    </ClCompile>
    <ClCompile Include="Distance.cpp">
      <Filter>Graph\Distance</Filter>
    </ClCompile>
    <ClCompile Include="Edge.cpp">
      <Filter>Graph\Edge</Filter>
    </ClCompile>
    <ClCompile Include="Vertex.cpp">
      <Filter>Graph\Vertex</Filter>
    </ClCompile>
    <ClCompile Include="Graph.cpp">
      <Filter>Graph\Abstraction</Filter>
    </ClCompile>
  </ItemGroup>
</Project>