<?xml version="1.0" encoding="utf-8"?>
<Project ToolsVersion="4.0" xmlns="http://schemas.microsoft.com/developer/msbuild/2003">
  <ItemGroup>
    <Filter Include="Source Files">
      <UniqueIdentifier>{4FC737F1-C7A5-4376-A066-2A32D752A2FF}</UniqueIdentifier>
      <Extensions>cpp;c;cc;cxx;def;odl;idl;hpj;bat;asm;asmx</Extensions>
    </Filter>
    <Filter Include="Header Files">
      <UniqueIdentifier>{93995380-89BD-4b04-88EB-625FBE52EBFB}</UniqueIdentifier>
      <Extensions>h;hh;hpp;hxx;hm;inl;inc;xsd</Extensions>
    </Filter>
    <Filter Include="Resource Files">
      <UniqueIdentifier>{67DA6AB6-F800-4c08-8B7A-83BB121AAD01}</UniqueIdentifier>
      <Extensions>rc;ico;cur;bmp;dlg;rc2;rct;bin;rgs;gif;jpg;jpeg;jpe;resx;tiff;tif;png;wav;mfcribbon-ms</Extensions>
    </Filter>
    <Filter Include="Hashing">
      <UniqueIdentifier>{f38e03da-b6df-4008-8aa4-4d3a719298dd}</UniqueIdentifier>
    </Filter>
    <Filter Include="Dynamic Array">
      <UniqueIdentifier>{80eccae9-df2d-481a-acea-90ab27b5b0f0}</UniqueIdentifier>
    </Filter>
    <Filter Include="String">
      <UniqueIdentifier>{0c393ecb-636c-402e-b466-46106eed10b3}</UniqueIdentifier>
    </Filter>
    <Filter Include="Queue">
      <UniqueIdentifier>{70728f98-f67e-41bf-b146-b47ffc936534}</UniqueIdentifier>
    </Filter>
    <Filter Include="Hashing\Hash">
      <UniqueIdentifier>{f2a68877-1e41-4e4c-a557-224c925994f7}</UniqueIdentifier>
    </Filter>
    <Filter Include="Hashing\Hash Function">
      <UniqueIdentifier>{9220ccf3-1853-4def-8350-4cf926edfb30}</UniqueIdentifier>
    </Filter>
    <Filter Include="Linked List">
      <UniqueIdentifier>{859d3703-6a4c-4370-9bd6-f3ae322aa179}</UniqueIdentifier>
    </Filter>
    <Filter Include="Iterator">
      <UniqueIdentifier>{8a39ee88-5d74-41ec-aea5-a21a0277cff0}</UniqueIdentifier>
    </Filter>
    <Filter Include="Graph">
      <UniqueIdentifier>{2713c405-d70c-4eaf-bc5a-b896c2505a7c}</UniqueIdentifier>
    </Filter>
    <Filter Include="Graph\Edge">
      <UniqueIdentifier>{c0659991-9b71-46fa-90d2-47f145771c0c}</UniqueIdentifier>
    </Filter>
    <Filter Include="Graph\Vertex">
      <UniqueIdentifier>{7bf2074e-861c-4488-adc3-7ac67a9ded77}</UniqueIdentifier>
    </Filter>
    <Filter Include="Graph\Abstraction">
      <UniqueIdentifier>{dee3a313-5a63-433f-9d47-ff80ea26882e}</UniqueIdentifier>
    </Filter>
    <Filter Include="Graph\Graph Base">
      <UniqueIdentifier>{b512bb41-d138-4d52-8abd-8ddd386f8827}</UniqueIdentifier>
    </Filter>
    <Filter Include="Graph\Directed Graph">
      <UniqueIdentifier>{8872f1e2-a4d7-4bd2-8a3d-6b4ff9b80eea}</UniqueIdentifier>
    </Filter>
    <Filter Include="Graph\Undirected Graph">
      <UniqueIdentifier>{4808a882-2d3d-4a62-b9ca-655e6f62c525}</UniqueIdentifier>
    </Filter>
    <Filter Include="Shortest Path Algorithms">
      <UniqueIdentifier>{eb1361a8-3847-4417-947f-c42a826d562b}</UniqueIdentifier>
    </Filter>
    <Filter Include="Shortest Path Algorithms\Abstract class">
      <UniqueIdentifier>{4eb8960e-4e4e-4f7a-b28e-bc366a8cb965}</UniqueIdentifier>
    </Filter>
    <Filter Include="Shortest Path Algorithms\BFS">
      <UniqueIdentifier>{04f2d1ac-e4e2-431c-8bf2-8c9bdb242edf}</UniqueIdentifier>
    </Filter>
    <Filter Include="Shortest Path Algorithms\Iterative Deepening DFS">
      <UniqueIdentifier>{0989909a-0ea5-4cfe-a894-f411fa880c64}</UniqueIdentifier>
    </Filter>
    <Filter Include="Graph Factory">
      <UniqueIdentifier>{7f4b21a7-6dc9-46f8-917b-15682f11662f}</UniqueIdentifier>
    </Filter>
    <Filter Include="Graph Factory\GraphFactory">
      <UniqueIdentifier>{1a890c2c-7fd6-4288-9cb6-2b1c5682b0a8}</UniqueIdentifier>
    </Filter>
    <Filter Include="Graph Factory\GraphCreator">
      <UniqueIdentifier>{ae2873a5-dc6a-435c-91ef-7aa3c5cf145a}</UniqueIdentifier>
    </Filter>
    <Filter Include="Graph Factory\Concrete Graph Creator">
      <UniqueIdentifier>{e0648eb7-a291-4f09-8758-b095802f93b6}</UniqueIdentifier>
    </Filter>
    <Filter Include="Graph Factory\GraphRegistrator">
      <UniqueIdentifier>{32db5538-6b3a-41b9-b782-5d3be9cd9ea1}</UniqueIdentifier>
    </Filter>
    <Filter Include="Application">
      <UniqueIdentifier>{2a308b1f-0e3d-42c5-949a-39263bff17b5}</UniqueIdentifier>
    </Filter>
    <Filter Include="Graph\Graph Exceptions">
      <UniqueIdentifier>{ec3a4bb4-5c00-428f-a007-f6a8fbdd15c4}</UniqueIdentifier>
    </Filter>
    <Filter Include="Priority Queue">
      <UniqueIdentifier>{16f98096-8d6c-4f77-b27a-5c0ba608f732}</UniqueIdentifier>
    </Filter>
    <Filter Include="Priority Queue\Priority Queue Handle">
      <UniqueIdentifier>{48e4da2f-6c66-44ce-bf60-595e9285875e}</UniqueIdentifier>
    </Filter>
    <Filter Include="Shortest Path Algorithms\Dijkstra Algorithm">
      <UniqueIdentifier>{995cdfae-2ec8-46ab-a87d-2cde847bc999}</UniqueIdentifier>
    </Filter>
    <Filter Include="File Parser">
      <UniqueIdentifier>{8b59dc09-3a6c-4677-9b12-3c9b7eb741dc}</UniqueIdentifier>
    </Filter>
    <Filter Include="File Parser\File Parser Exception">
      <UniqueIdentifier>{933c051a-8555-458c-8242-f2a81598128e}</UniqueIdentifier>
    </Filter>
    <Filter Include="Graph Builder">
      <UniqueIdentifier>{9461d20c-7e0b-4829-80b3-028baca54d4b}</UniqueIdentifier>
    </Filter>
    <Filter Include="Graph Builder\Graph Builder Exception">
      <UniqueIdentifier>{4b4f94e3-88bd-4eb3-bc17-61e13e67b4a8}</UniqueIdentifier>
    </Filter>
    <Filter Include="File Parser\Open File Fail Exception">
      <UniqueIdentifier>{9d41ae01-97fa-482d-a9a2-266bd486fb8c}</UniqueIdentifier>
    </Filter>
    <Filter Include="Distance">
      <UniqueIdentifier>{0c351ac3-f56d-447f-91f4-077beead836b}</UniqueIdentifier>
    </Filter>
    <Filter Include="Graph Factory\Invalid Graph Type Exception">
      <UniqueIdentifier>{4f368f69-176e-478a-934b-6996cc7f8c4a}</UniqueIdentifier>
    </Filter>
    <Filter Include="Graph\Graph Exceptions\Graph Exception">
      <UniqueIdentifier>{c7a0463b-b61b-4582-b1d3-4c2238004bf0}</UniqueIdentifier>
    </Filter>
    <Filter Include="Hashing\Identifier Accessor">
      <UniqueIdentifier>{22075870-293d-4918-9d93-c583698928bf}</UniqueIdentifier>
    </Filter>
    <Filter Include="Priority Queue\Distance Accessor">
      <UniqueIdentifier>{8f02e380-421d-43d2-96a8-264327784475}</UniqueIdentifier>
    </Filter>
    <Filter Include="Priority Queue\Handle Updator">
      <UniqueIdentifier>{edbb3fca-b0ba-407b-95c9-972ce6951d7c}</UniqueIdentifier>
    </Filter>
    <Filter Include="Directory Files Iterator">
      <UniqueIdentifier>{638b980e-e128-446e-9b85-252309cab386}</UniqueIdentifier>
    </Filter>
    <Filter Include="Shortest Path Algorithms\Shortest Path Algorithm Registrator">
      <UniqueIdentifier>{92e258eb-cd58-4f59-86b2-713805b2aada}</UniqueIdentifier>
    </Filter>
    <Filter Include="Directory Files Iterator\Directory Files Iterator Exception">
      <UniqueIdentifier>{2b12b12d-3964-4900-a0f8-9dfe48f41c5b}</UniqueIdentifier>
    </Filter>
    <Filter Include="Directory Loader">
      <UniqueIdentifier>{97e63876-ff37-4276-99d7-68482ff28270}</UniqueIdentifier>
    </Filter>
    <Filter Include="Logger">
      <UniqueIdentifier>{92bf67f7-66d4-4d16-aaac-35a442db257f}</UniqueIdentifier>
    </Filter>
    <Filter Include="String Cutter">
      <UniqueIdentifier>{25639148-6b66-424f-812e-0c09c0bea8bb}</UniqueIdentifier>
    </Filter>
    <Filter Include="GraphCollection">
      <UniqueIdentifier>{d940fada-2ce0-4fa6-a1a2-937695596080}</UniqueIdentifier>
    </Filter>
    <Filter Include="Command">
      <UniqueIdentifier>{8f717d5a-4b8a-461c-aa75-f1f62e961471}</UniqueIdentifier>
    </Filter>
    <Filter Include="Command\Abstract class">
      <UniqueIdentifier>{3584f2d8-abdf-4480-b77e-74ade76b13e2}</UniqueIdentifier>
    </Filter>
    <Filter Include="Command\CommandRegistrator">
      <UniqueIdentifier>{c18f47e0-aee0-45a9-a189-46d373775263}</UniqueIdentifier>
    </Filter>
    <Filter Include="Command\Load Command">
      <UniqueIdentifier>{e4f9fa1f-6ceb-466f-8cb3-1a28025e6922}</UniqueIdentifier>
    </Filter>
    <Filter Include="Command\String Reader">
      <UniqueIdentifier>{2940572c-6cde-4383-9ed1-97b0cf7fb326}</UniqueIdentifier>
    </Filter>
    <Filter Include="Command\List Graphs Command">
      <UniqueIdentifier>{a74eaf88-5688-425e-b38e-b1b7c4d67715}</UniqueIdentifier>
    </Filter>
    <Filter Include="Command\Print Graph Command">
      <UniqueIdentifier>{d919b882-558f-4573-a1c1-55fb9599a22a}</UniqueIdentifier>
    </Filter>
    <Filter Include="Command\Use Graph Command">
      <UniqueIdentifier>{04eb1f3f-5e65-4673-842a-e8360846a901}</UniqueIdentifier>
    </Filter>
    <Filter Include="Command\Add Graph Command">
      <UniqueIdentifier>{2ef6a9c1-4222-4931-a702-f007fb8bd5b6}</UniqueIdentifier>
    </Filter>
    <Filter Include="Command\Remove Graph Command">
      <UniqueIdentifier>{767ad5a7-7714-43c2-bb46-bd9dac68a66e}</UniqueIdentifier>
    </Filter>
    <Filter Include="Command\Add Vertex Command">
      <UniqueIdentifier>{c3f0950a-318f-41f6-926b-19143b7f62d7}</UniqueIdentifier>
    </Filter>
    <Filter Include="Command\Remove Vertex Command">
      <UniqueIdentifier>{6a8c37bd-9b0d-467a-9cbc-77ceb202985b}</UniqueIdentifier>
    </Filter>
    <Filter Include="Command\Add Edge Command">
      <UniqueIdentifier>{166d4588-afa9-4723-834d-a727a2993405}</UniqueIdentifier>
    </Filter>
    <Filter Include="Command\Remove Edge Command">
      <UniqueIdentifier>{4bd68261-a175-4abc-80c4-c50cc15d76ab}</UniqueIdentifier>
    </Filter>
    <Filter Include="Command\Search Command">
      <UniqueIdentifier>{345f5ef0-9704-4fcf-bff6-1f857d50ce3f}</UniqueIdentifier>
    </Filter>
    <Filter Include="Shortest Path Algorithms\Path Printing">
      <UniqueIdentifier>{cba0ae12-4028-4534-9747-94d4fa38845e}</UniqueIdentifier>
    </Filter>
    <Filter Include="Command\Exceptions">
      <UniqueIdentifier>{d1644408-9074-4aa1-8027-33a6c62e4198}</UniqueIdentifier>
    </Filter>
    <Filter Include="Command\Exceptions\Command Exception">
      <UniqueIdentifier>{a3c5b94f-d072-4c7f-b240-61ffe5a3059b}</UniqueIdentifier>
    </Filter>
    <Filter Include="Command\Exceptions\Missing Argument Exception">
      <UniqueIdentifier>{c7dccb6a-ae70-40ff-86a3-3dbc26ffe6f6}</UniqueIdentifier>
    </Filter>
    <Filter Include="Shortest Path Algorithms\Shortest Path Algorithms Store">
      <UniqueIdentifier>{64578d2a-b4d0-4f1f-8e7e-314661566a2d}</UniqueIdentifier>
    </Filter>
    <Filter Include="Shortest Path Algorithms\Shortest Path Algorithms Store\Unsupported Algorithm Exception">
      <UniqueIdentifier>{67ab741e-39dc-4359-a299-aa7727dca3ff}</UniqueIdentifier>
    </Filter>
  </ItemGroup>
  <ItemGroup>
    <Text Include="ReadMe.txt" />
  </ItemGroup>
  <ItemGroup>
    <ClInclude Include="Dynamic Array\DynamicArray.h">
      <Filter>Dynamic Array</Filter>
    </ClInclude>
    <ClInclude Include="Dynamic Array\DynamicArray.hpp">
      <Filter>Dynamic Array</Filter>
    </ClInclude>
    <ClInclude Include="Dynamic Array\DynamicArrayIterator.hpp">
      <Filter>Dynamic Array</Filter>
    </ClInclude>
    <ClInclude Include="File Parser\File Parser Exception\FileParserException.h">
      <Filter>File Parser\File Parser Exception</Filter>
    </ClInclude>
    <ClInclude Include="File Parser\Open File Fail Exception\OpenFileFailException.h">
      <Filter>File Parser\Open File Fail Exception</Filter>
    </ClInclude>
    <ClInclude Include="File Parser\FileParser.h">
      <Filter>File Parser</Filter>
    </ClInclude>
    <ClInclude Include="Graph\Abstract class\Graph.h">
      <Filter>Graph\Abstraction</Filter>
    </ClInclude>
    <ClInclude Include="Graph\Directed Graph\DirectedGraph.h">
      <Filter>Graph\Directed Graph</Filter>
    </ClInclude>
    <ClInclude Include="Distance\Distance.h">
      <Filter>Distance</Filter>
    </ClInclude>
    <ClInclude Include="Graph\Edge\Edge.h">
      <Filter>Graph\Edge</Filter>
    </ClInclude>
    <ClInclude Include="Graph\GraphBase\GraphBase.h">
      <Filter>Graph\Graph Base</Filter>
    </ClInclude>
    <ClInclude Include="Graph\Graph Exception\GraphException.h">
      <Filter>Graph\Graph Exceptions\Graph Exception</Filter>
    </ClInclude>
    <ClInclude Include="Graph\Undirected Graph\UndirectedGraph.h">
      <Filter>Graph\Undirected Graph</Filter>
    </ClInclude>
    <ClInclude Include="Graph\Vertex\Vertex.h">
      <Filter>Graph\Vertex</Filter>
    </ClInclude>
    <ClInclude Include="Graph Builder\Graph Builder Exception\GraphBuilderException.h">
      <Filter>Graph Builder\Graph Builder Exception</Filter>
    </ClInclude>
    <ClInclude Include="Graph Builder\GraphBuilder.h">
      <Filter>Graph Builder</Filter>
    </ClInclude>
    <ClInclude Include="Graph Factory\Graph Creator\ConcreteGraphCreator.h">
      <Filter>Graph Factory\Concrete Graph Creator</Filter>
    </ClInclude>
    <ClInclude Include="Graph Factory\Graph Creator\GraphCreator.h">
      <Filter>Graph Factory\GraphCreator</Filter>
    </ClInclude>
    <ClInclude Include="Graph Factory\GraphFactory.h">
      <Filter>Graph Factory\GraphFactory</Filter>
    </ClInclude>
    <ClInclude Include="Graph Factory\Graph Registrator\GraphRegistrator.h">
      <Filter>Graph Factory\GraphRegistrator</Filter>
    </ClInclude>
    <ClInclude Include="Graph Factory\Invalid Graph Type Exception\InvalidGraphTypeException.h">
      <Filter>Graph Factory\Invalid Graph Type Exception</Filter>
    </ClInclude>
    <ClInclude Include="Hash\Hash.h">
      <Filter>Hashing\Hash</Filter>
    </ClInclude>
    <ClInclude Include="Hash\Hash.hpp">
      <Filter>Hashing\Hash</Filter>
    </ClInclude>
    <ClInclude Include="Hash\Hash Function\HashFunction.h">
      <Filter>Hashing\Hash Function</Filter>
    </ClInclude>
    <ClInclude Include="Hash\Hash Function\HashFunctionStringSpecialization.h">
      <Filter>Hashing\Hash Function</Filter>
    </ClInclude>
    <ClInclude Include="Hash\Identifier Accessor\IdentifierAccessor.h">
      <Filter>Hashing\Identifier Accessor</Filter>
    </ClInclude>
    <ClInclude Include="Iterator\Iterator.h">
      <Filter>Iterator</Filter>
    </ClInclude>
    <ClInclude Include="Linked List\LinkedList.h">
      <Filter>Linked List</Filter>
    </ClInclude>
    <ClInclude Include="Linked List\LinkedList.hpp">
      <Filter>Linked List</Filter>
    </ClInclude>
    <ClInclude Include="Priority Queue\PriorityQueue.h">
      <Filter>Priority Queue</Filter>
    </ClInclude>
    <ClInclude Include="Priority Queue\PriorityQueue.hpp">
      <Filter>Priority Queue</Filter>
    </ClInclude>
    <ClInclude Include="Priority Queue\Handle\PriorityQueueHandle.h">
      <Filter>Priority Queue\Priority Queue Handle</Filter>
    </ClInclude>
    <ClInclude Include="Priority Queue\Distance Accessor\DistanceAccessor.h">
      <Filter>Priority Queue\Distance Accessor</Filter>
    </ClInclude>
    <ClInclude Include="Priority Queue\Handle Updator\HandleUpdator.h">
      <Filter>Priority Queue\Handle Updator</Filter>
    </ClInclude>
    <ClInclude Include="Queue\Queue.h">
      <Filter>Queue</Filter>
    </ClInclude>
    <ClInclude Include="Shortest Path Algorithms\Abstract class\ShortestPathAlgorithm.h">
      <Filter>Shortest Path Algorithms\Abstract class</Filter>
    </ClInclude>
    <ClInclude Include="Shortest Path Algorithms\BFS\BFS.h">
      <Filter>Shortest Path Algorithms\BFS</Filter>
    </ClInclude>
    <ClInclude Include="Shortest Path Algorithms\Dijkstra Algorithm\DijkstraAlgorithm.h">
      <Filter>Shortest Path Algorithms\Dijkstra Algorithm</Filter>
    </ClInclude>
    <ClInclude Include="Shortest Path Algorithms\Iterative Deepening DFS\IterativeDeepeningDFS.h">
      <Filter>Shortest Path Algorithms\Iterative Deepening DFS</Filter>
    </ClInclude>
    <ClInclude Include="Shortest Path Algorithms\Store\ShortestPathAlgorithmsStore.h">
      <Filter>Shortest Path Algorithms\Shortest Path Algorithms Store</Filter>
    </ClInclude>
    <ClInclude Include="Shortest Path Algorithms\Store\Unsupported Alogirhtm Exception\UnsupportedAlgorithmException.h">
      <Filter>Shortest Path Algorithms\Shortest Path Algorithms Store\Unsupported Algorithm Exception</Filter>
    </ClInclude>
    <ClInclude Include="String\String.h">
      <Filter>String</Filter>
    </ClInclude>
    <ClInclude Include="Directory Files Iterator\DirectoryFilesIterator.h">
      <Filter>Directory Files Iterator</Filter>
    </ClInclude>
    <ClInclude Include="Directory Files Iterator\Directory Files Iterator Exception\DirectoryFilesIteratorException.h">
      <Filter>Directory Files Iterator\Directory Files Iterator Exception</Filter>
    </ClInclude>
    <ClInclude Include="Directory Loader\DirectoryLoader.h">
      <Filter>Directory Loader</Filter>
    </ClInclude>
    <ClInclude Include="Logger\Logger.h">
      <Filter>Logger</Filter>
    </ClInclude>
    <ClInclude Include="String Cutter\StringCutter.h">
      <Filter>String Cutter</Filter>
    </ClInclude>
    <ClInclude Include="Graph Collection\GraphCollection.h">
      <Filter>GraphCollection</Filter>
    </ClInclude>
    <ClInclude Include="Application\Application.h">
      <Filter>Application</Filter>
    </ClInclude>
    <ClInclude Include="Command\Abstract class\Command.h">
      <Filter>Command\Abstract class</Filter>
    </ClInclude>
    <ClInclude Include="Command\Command Registrator\CommandRegistrator.h">
      <Filter>Command\CommandRegistrator</Filter>
    </ClInclude>
    <ClInclude Include="Command\Load Command\LoadCommand.h">
      <Filter>Command\Load Command</Filter>
    </ClInclude>
    <ClInclude Include="Command\String Reader\StringReader.h">
      <Filter>Command\String Reader</Filter>
    </ClInclude>
    <ClInclude Include="Command\List Graphs Command\ListGraphsCommand.h">
      <Filter>Command\List Graphs Command</Filter>
    </ClInclude>
    <ClInclude Include="Command\Print Graph Command\PrintGraphCommand.h">
      <Filter>Command\Print Graph Command</Filter>
    </ClInclude>
    <ClInclude Include="Command\Use Graph Command\UseGraphCommand.h">
      <Filter>Command\Use Graph Command</Filter>
    </ClInclude>
    <ClInclude Include="Command\Add Graph Command\AddGraphCommand.h">
      <Filter>Command\Add Graph Command</Filter>
    </ClInclude>
    <ClInclude Include="Command\Remove Graph Command\RemoveGraphCommand.h">
      <Filter>Command\Remove Graph Command</Filter>
    </ClInclude>
    <ClInclude Include="Command\Add Vertex Command\AddVertexCommand.h">
      <Filter>Command\Add Vertex Command</Filter>
    </ClInclude>
    <ClInclude Include="Command\Remove Vertex Command\RemoveVertexCommand.h">
      <Filter>Command\Remove Vertex Command</Filter>
    </ClInclude>
    <ClInclude Include="Command\Add Edge Command\AddEdgeCommand.h">
      <Filter>Command\Add Edge Command</Filter>
    </ClInclude>
    <ClInclude Include="Command\Remove Edge Command\RemoveEdgeCommand.h">
      <Filter>Command\Remove Edge Command</Filter>
    </ClInclude>
    <ClInclude Include="Command\Search Command\SearchCommand.h">
      <Filter>Command\Search Command</Filter>
    </ClInclude>
    <ClInclude Include="Shortest Path Algorithms\Algorithm Registrator\ShortestPathAlgorithmRegistrator.h">
      <Filter>Shortest Path Algorithms\Shortest Path Algorithm Registrator</Filter>
    </ClInclude>
    <ClInclude Include="Shortest Path Algorithms\Path Printing\PathPrinting.h">
      <Filter>Shortest Path Algorithms\Path Printing</Filter>
    </ClInclude>
    <ClInclude Include="Command\Exceptions\Command Exception\CommandException.h">
      <Filter>Command\Exceptions\Command Exception</Filter>
    </ClInclude>
    <ClInclude Include="Command\Exceptions\Missing Argument Exception\MissingArgumentException.h">
      <Filter>Command\Exceptions\Missing Argument Exception</Filter>
    </ClInclude>
    <ClInclude Include="Linked List\LinkedListIterator.hpp">
      <Filter>Linked List</Filter>
    </ClInclude>
  </ItemGroup>
  <ItemGroup>
    <ClCompile Include="File Parser\FileParser.cpp">
      <Filter>File Parser</Filter>
    </ClCompile>
    <ClCompile Include="Graph\Abstract class\Graph.cpp">
      <Filter>Graph\Abstraction</Filter>
    </ClCompile>
    <ClCompile Include="Graph\Directed Graph\DirectedGraph.cpp">
      <Filter>Graph\Directed Graph</Filter>
    </ClCompile>
    <ClCompile Include="Distance\Distance.cpp">
      <Filter>Distance</Filter>
    </ClCompile>
    <ClCompile Include="Graph\Edge\Edge.cpp">
      <Filter>Graph\Edge</Filter>
    </ClCompile>
    <ClCompile Include="Graph\GraphBase\GraphBase.cpp">
      <Filter>Graph\Graph Base</Filter>
    </ClCompile>
    <ClCompile Include="Graph\Undirected Graph\UndirectedGraph.cpp">
      <Filter>Graph\Undirected Graph</Filter>
    </ClCompile>
    <ClCompile Include="Graph\Vertex\Vertex.cpp">
      <Filter>Graph\Vertex</Filter>
    </ClCompile>
    <ClCompile Include="Graph Builder\GraphBuilder.cpp">
      <Filter>Graph Builder</Filter>
    </ClCompile>
    <ClCompile Include="Graph Factory\Graph Creator\GraphCreator.cpp">
      <Filter>Graph Factory\GraphCreator</Filter>
    </ClCompile>
    <ClCompile Include="Graph Factory\GraphFactory.cpp">
      <Filter>Graph Factory\GraphFactory</Filter>
    </ClCompile>
    <ClCompile Include="Shortest Path Algorithms\Abstract class\ShortestPathAlgorithm.cpp">
      <Filter>Shortest Path Algorithms\Abstract class</Filter>
    </ClCompile>
    <ClCompile Include="Shortest Path Algorithms\BFS\BFS.cpp">
      <Filter>Shortest Path Algorithms\BFS</Filter>
    </ClCompile>
    <ClCompile Include="Shortest Path Algorithms\Dijkstra Algorithm\DijkstraAlgorithm.cpp">
      <Filter>Shortest Path Algorithms\Dijkstra Algorithm</Filter>
    </ClCompile>
    <ClCompile Include="Shortest Path Algorithms\Iterative Deepening DFS\IterativeDeepeningDFS.cpp">
      <Filter>Shortest Path Algorithms\Iterative Deepening DFS</Filter>
    </ClCompile>
    <ClCompile Include="Shortest Path Algorithms\Store\ShortestPathAlgorithmsStore.cpp">
      <Filter>Shortest Path Algorithms\Shortest Path Algorithms Store</Filter>
    </ClCompile>
    <ClCompile Include="String\String.cpp">
      <Filter>String</Filter>
    </ClCompile>
    <ClCompile Include="Graph Store.cpp">
      <Filter>Source Files</Filter>
    </ClCompile>
    <ClCompile Include="Directory Files Iterator\DirectoryFilesIterator.cpp">
      <Filter>Directory Files Iterator</Filter>
    </ClCompile>
    <ClCompile Include="Directory Loader\DirectoryLoader.cpp">
      <Filter>Directory Loader</Filter>
    </ClCompile>
    <ClCompile Include="String Cutter\StringCutter.cpp">
      <Filter>String Cutter</Filter>
    </ClCompile>
    <ClCompile Include="Graph Collection\GraphCollection.cpp">
      <Filter>GraphCollection</Filter>
    </ClCompile>
    <ClCompile Include="Application\Application.cpp">
      <Filter>Application</Filter>
    </ClCompile>
    <ClCompile Include="Command\Abstract class\Command.cpp">
      <Filter>Command\Abstract class</Filter>
    </ClCompile>
    <ClCompile Include="Command\Load Command\LoadCommand.cpp">
      <Filter>Command\Load Command</Filter>
    </ClCompile>
    <ClCompile Include="Command\List Graphs Command\ListGraphsCommand.cpp">
      <Filter>Command\List Graphs Command</Filter>
    </ClCompile>
    <ClCompile Include="Command\Print Graph Command\PrintGraphCommand.cpp">
      <Filter>Command\Print Graph Command</Filter>
    </ClCompile>
    <ClCompile Include="Command\Use Graph Command\UseGraphCommand.cpp">
      <Filter>Command\Use Graph Command</Filter>
    </ClCompile>
    <ClCompile Include="Command\Add Graph Command\AddGraphCommand.cpp">
      <Filter>Command\Add Graph Command</Filter>
    </ClCompile>
    <ClCompile Include="Command\Remove Graph Command\RemoveGraphCommand.cpp">
      <Filter>Command\Remove Graph Command</Filter>
    </ClCompile>
    <ClCompile Include="Command\Add Vertex Command\AddVertexCommand.cpp">
      <Filter>Command\Add Vertex Command</Filter>
    </ClCompile>
    <ClCompile Include="Command\Remove Vertex Command\RemoveVertexCommand.cpp">
      <Filter>Command\Remove Vertex Command</Filter>
    </ClCompile>
    <ClCompile Include="Command\Add Edge Command\AddEdgeCommand.cpp">
      <Filter>Command\Add Edge Command</Filter>
    </ClCompile>
    <ClCompile Include="Command\Remove Edge Command\RemoveEdgeCommand.cpp">
      <Filter>Command\Remove Edge Command</Filter>
    </ClCompile>
    <ClCompile Include="Command\Search Command\SearchCommand.cpp">
      <Filter>Command\Search Command</Filter>
    </ClCompile>
    <ClCompile Include="Shortest Path Algorithms\Path Printing\PathPrinting.cpp">
      <Filter>Shortest Path Algorithms\Path Printing</Filter>
    </ClCompile>
    <ClCompile Include="Command\Exceptions\Missing Argument Exception\MissingArgumentException.cpp">
      <Filter>Command\Exceptions\Missing Argument Exception</Filter>
    </ClCompile>
  </ItemGroup>
</Project>