<?xml version="1.0" encoding="utf-8"?>
<Project ToolsVersion="4.0" xmlns="http://schemas.microsoft.com/developer/msbuild/2003">
  <ItemGroup>
    <Filter Include="Source Files">
      <UniqueIdentifier>{4FC737F1-C7A5-4376-A066-2A32D752A2FF}</UniqueIdentifier>
      <Extensions>cpp;c;cc;cxx;def;odl;idl;hpj;bat;asm;asmx</Extensions>
    </Filter>
    <Filter Include="Header Files">
      <UniqueIdentifier>{93995380-89BD-4b04-88EB-625FBE52EBFB}</UniqueIdentifier>
      <Extensions>h;hh;hpp;hxx;hm;inl;inc;xsd</Extensions>
    </Filter>
    <Filter Include="Resource Files">
      <UniqueIdentifier>{67DA6AB6-F800-4c08-8B7A-83BB121AAD01}</UniqueIdentifier>
      <Extensions>rc;ico;cur;bmp;dlg;rc2;rct;bin;rgs;gif;jpg;jpeg;jpe;resx;tiff;tif;png;wav;mfcribbon-ms</Extensions>
    </Filter>
    <Filter Include="Hashing">
      <UniqueIdentifier>{f38e03da-b6df-4008-8aa4-4d3a719298dd}</UniqueIdentifier>
    </Filter>
    <Filter Include="Dynamic Array">
      <UniqueIdentifier>{80eccae9-df2d-481a-acea-90ab27b5b0f0}</UniqueIdentifier>
    </Filter>
    <Filter Include="String">
      <UniqueIdentifier>{0c393ecb-636c-402e-b466-46106eed10b3}</UniqueIdentifier>
    </Filter>
    <Filter Include="Queue">
      <UniqueIdentifier>{70728f98-f67e-41bf-b146-b47ffc936534}</UniqueIdentifier>
    </Filter>
    <Filter Include="Hashing\Hash">
      <UniqueIdentifier>{f2a68877-1e41-4e4c-a557-224c925994f7}</UniqueIdentifier>
    </Filter>
    <Filter Include="Hashing\Hash Function">
      <UniqueIdentifier>{9220ccf3-1853-4def-8350-4cf926edfb30}</UniqueIdentifier>
    </Filter>
    <Filter Include="Linked List">
      <UniqueIdentifier>{859d3703-6a4c-4370-9bd6-f3ae322aa179}</UniqueIdentifier>
    </Filter>
    <Filter Include="Iterator">
      <UniqueIdentifier>{8a39ee88-5d74-41ec-aea5-a21a0277cff0}</UniqueIdentifier>
    </Filter>
  </ItemGroup>
  <ItemGroup>
    <Text Include="ReadMe.txt" />
    <Text Include="Hash.txt">
      <Filter>Hashing\Hash</Filter>
    </Text>
  </ItemGroup>
  <ItemGroup>
    <ClInclude Include="stdafx.h">
      <Filter>Header Files</Filter>
    </ClInclude>
    <ClInclude Include="targetver.h">
      <Filter>Header Files</Filter>
    </ClInclude>
    <ClInclude Include="String.h">
      <Filter>String</Filter>
    </ClInclude>
    <ClInclude Include="DynamicQueue.h">
      <Filter>Queue</Filter>
    </ClInclude>
    <ClInclude Include="DynamicQueue.hpp">
      <Filter>Queue</Filter>
    </ClInclude>
    <ClInclude Include="Hash.h">
      <Filter>Hashing\Hash</Filter>
    </ClInclude>
    <ClInclude Include="Hash.hpp">
      <Filter>Hashing\Hash</Filter>
    </ClInclude>
    <ClInclude Include="HashFunction.h">
      <Filter>Hashing\Hash Function</Filter>
    </ClInclude>
    <ClInclude Include="HashFunctionStringSpecialization.h">
      <Filter>Hashing\Hash Function</Filter>
    </ClInclude>
    <ClInclude Include="DynamicArray.h">
      <Filter>Dynamic Array</Filter>
    </ClInclude>
    <ClInclude Include="DynamicArray.hpp">
      <Filter>Dynamic Array</Filter>
    </ClInclude>
    <ClInclude Include="LinkedList.h">
      <Filter>Linked List</Filter>
    </ClInclude>
    <ClInclude Include="LinkedList.hpp">
      <Filter>Linked List</Filter>
    </ClInclude>
    <ClInclude Include="Box.h">
      <Filter>Linked List</Filter>
    </ClInclude>
    <ClInclude Include="LinkedListIterator.h">
      <Filter>Linked List</Filter>
    </ClInclude>
    <ClInclude Include="LinkedListIterator.hpp">
      <Filter>Linked List</Filter>
    </ClInclude>
    <ClInclude Include="Iterator.h">
      <Filter>Iterator</Filter>
    </ClInclude>
    <ClInclude Include="DynamicArrayIterator.hpp">
      <Filter>Dynamic Array</Filter>
    </ClInclude>
  </ItemGroup>
  <ItemGroup>
    <ClCompile Include="stdafx.cpp">
      <Filter>Source Files</Filter>
    </ClCompile>
    <ClCompile Include="Graph Store.cpp">
      <Filter>Source Files</Filter>
    </ClCompile>
    <ClCompile Include="String.cpp">
      <Filter>String</Filter>
    </ClCompile>
  </ItemGroup>
</Project>